
Microsoft Visual Studio Solution File, Format Version 12.00
# Visual Studio Version 17
VisualStudioVersion = 17.9.34622.214
MinimumVisualStudioVersion = 10.0.40219.1
Project("{FAE04EC0-301F-11D3-BF4B-00C04F79EFBC}") = "Api_MarioKart", "Api_MarioKart\Api_MarioKart.csproj", "{534B3972-3B4E-4C35-A5B0-0E9B40068126}"
EndProject
Global
	GlobalSection(SolutionConfigurationPlatforms) = preSolution
		Debug|Any CPU = Debug|Any CPU
		Release|Any CPU = Release|Any CPU
	EndGlobalSection
	GlobalSection(ProjectConfigurationPlatforms) = postSolution
		{534B3972-3B4E-4C35-A5B0-0E9B40068126}.Debug|Any CPU.ActiveCfg = Debug|Any CPU
		{534B3972-3B4E-4C35-A5B0-0E9B40068126}.Debug|Any CPU.Build.0 = Debug|Any CPU
		{534B3972-3B4E-4C35-A5B0-0E9B40068126}.Release|Any CPU.ActiveCfg = Release|Any CPU
		{534B3972-3B4E-4C35-A5B0-0E9B40068126}.Release|Any CPU.Build.0 = Release|Any CPU
	EndGlobalSection
	GlobalSection(SolutionProperties) = preSolution
		HideSolutionNode = FALSE
	EndGlobalSection
	GlobalSection(ExtensibilityGlobals) = postSolution
		SolutionGuid = {38BD481C-6FED-460E-B2FB-D825725549AE}
	EndGlobalSection
EndGlobal
